
Microsoft Visual Studio Solution File, Format Version 11.00
# Visual Studio 2010
Project("{FAE04EC0-301F-11D3-BF4B-00C04F79EFBC}") = "JobViewer", "JobViewer\JobViewer.csproj", "{058F5B45-CF1F-4ECC-AE8B-5127B5BB61AB}"
EndProject
Project("{FAE04EC0-301F-11D3-BF4B-00C04F79EFBC}") = "JobViewer.Web", "JobViewer.Web\JobViewer.Web.csproj", "{1A3F3E6F-C955-4C07-8CDF-EF1AB65001AF}"
EndProject
Global
	GlobalSection(SolutionConfigurationPlatforms) = preSolution
		Debug|Any CPU = Debug|Any CPU
		Release|Any CPU = Release|Any CPU
	EndGlobalSection
	GlobalSection(ProjectConfigurationPlatforms) = postSolution
		{058F5B45-CF1F-4ECC-AE8B-5127B5BB61AB}.Debug|Any CPU.ActiveCfg = Debug|Any CPU
		{058F5B45-CF1F-4ECC-AE8B-5127B5BB61AB}.Debug|Any CPU.Build.0 = Debug|Any CPU
		{058F5B45-CF1F-4ECC-AE8B-5127B5BB61AB}.Release|Any CPU.ActiveCfg = Release|Any CPU
		{058F5B45-CF1F-4ECC-AE8B-5127B5BB61AB}.Release|Any CPU.Build.0 = Release|Any CPU
		{1A3F3E6F-C955-4C07-8CDF-EF1AB65001AF}.Debug|Any CPU.ActiveCfg = Debug|Any CPU
		{1A3F3E6F-C955-4C07-8CDF-EF1AB65001AF}.Debug|Any CPU.Build.0 = Debug|Any CPU
		{1A3F3E6F-C955-4C07-8CDF-EF1AB65001AF}.Release|Any CPU.ActiveCfg = Release|Any CPU
		{1A3F3E6F-C955-4C07-8CDF-EF1AB65001AF}.Release|Any CPU.Build.0 = Release|Any CPU
	EndGlobalSection
	GlobalSection(SolutionProperties) = preSolution
		HideSolutionNode = FALSE
	EndGlobalSection
EndGlobal
